
Microsoft Visual Studio Solution File, Format Version 12.00
# Visual Studio Version 17
VisualStudioVersion = 17.7.34031.279
MinimumVisualStudioVersion = 10.0.40219.1
Project("{FAE04EC0-301F-11D3-BF4B-00C04F79EFBC}") = "Ejerc4", "Ejerc4.csproj", "{4CC080BA-52F8-41A0-AEB6-24EE037F737B}"
EndProject
Global
	GlobalSection(SolutionConfigurationPlatforms) = preSolution
		Debug|Any CPU = Debug|Any CPU
		Release|Any CPU = Release|Any CPU
	EndGlobalSection
	GlobalSection(ProjectConfigurationPlatforms) = postSolution
		{4CC080BA-52F8-41A0-AEB6-24EE037F737B}.Debug|Any CPU.ActiveCfg = Debug|Any CPU
		{4CC080BA-52F8-41A0-AEB6-24EE037F737B}.Debug|Any CPU.Build.0 = Debug|Any CPU
		{4CC080BA-52F8-41A0-AEB6-24EE037F737B}.Release|Any CPU.ActiveCfg = Release|Any CPU
		{4CC080BA-52F8-41A0-AEB6-24EE037F737B}.Release|Any CPU.Build.0 = Release|Any CPU
	EndGlobalSection
	GlobalSection(SolutionProperties) = preSolution
		HideSolutionNode = FALSE
	EndGlobalSection
	GlobalSection(ExtensibilityGlobals) = postSolution
		SolutionGuid = {ADF0082A-714E-4AE1-9C71-88CC64C25E56}
	EndGlobalSection
EndGlobal
